// !$*UTF8*$!
{
	archiveVersion = 1;
	classes = {};
	objectVersion = 77;
	objects = {

/* Begin PBXBuildFile section */
		11000000000000000000002A /* TraceCaptureStatusView.swift in Sources */ = {isa = PBXBuildFile; fileRef = 12000000000000000000002A /* TraceCaptureStatusView.swift */; };
		010000000000000000000001 /* ArkTraceApp.swift in Sources */ = {isa = PBXBuildFile; fileRef = 020000000000000000000001 /* ArkTraceApp.swift */; };
		010000000000000000000004 /* ArkTraceCore in Frameworks */ = {isa = PBXBuildFile; productRef = 090000000000000000000001 /* ArkTraceCore */; };
		010000000000000000000005 /* ArkTraceRendering in Frameworks */ = {isa = PBXBuildFile; productRef = 090000000000000000000002 /* ArkTraceRendering */; };
		010000000000000000000006 /* ArkTraceAppSupport in Frameworks */ = {isa = PBXBuildFile; productRef = 090000000000000000000003 /* ArkTraceAppSupport */; };
		010000000000000000000007 /* ArkTraceAnalysis in Frameworks */ = {isa = PBXBuildFile; productRef = 090000000000000000000004 /* ArkTraceAnalysis */; };
		010000000000000000000008 /* Assets.xcassets in Resources */ = {isa = PBXBuildFile; fileRef = 020000000000000000000008 /* Assets.xcassets */; };
		010000000000000000000009 /* Localizable.xcstrings in Resources */ = {isa = PBXBuildFile; fileRef = 020000000000000000000009 /* Localizable.xcstrings */; };
		01000000000000000000000A /* ArkTraceCapture in Frameworks */ = {isa = PBXBuildFile; productRef = 090000000000000000000005 /* ArkTraceCapture */; };
		110000000000000000000001 /* TraceCaptureWindow.swift in Sources */ = {isa = PBXBuildFile; fileRef = 120000000000000000000001 /* TraceCaptureWindow.swift */; };
		110000000000000000000002 /* ShortcutHelpView.swift in Sources */ = {isa = PBXBuildFile; fileRef = 120000000000000000000002 /* ShortcutHelpView.swift */; };
		110000000000000000000003 /* AnnotationInspectorView.swift in Sources */ = {isa = PBXBuildFile; fileRef = 120000000000000000000003 /* AnnotationInspectorView.swift */; };
		110000000000000000000004 /* AnnotationRow.swift in Sources */ = {isa = PBXBuildFile; fileRef = 120000000000000000000004 /* AnnotationRow.swift */; };
		110000000000000000000005 /* EventInspectorView.swift in Sources */ = {isa = PBXBuildFile; fileRef = 120000000000000000000005 /* EventInspectorView.swift */; };
		110000000000000000000006 /* FlagTagEditor.swift in Sources */ = {isa = PBXBuildFile; fileRef = 120000000000000000000006 /* FlagTagEditor.swift */; };
		110000000000000000000007 /* InspectorDockMenu.swift in Sources */ = {isa = PBXBuildFile; fileRef = 120000000000000000000007 /* InspectorDockMenu.swift */; };
		110000000000000000000008 /* InspectorFocusButton.swift in Sources */ = {isa = PBXBuildFile; fileRef = 120000000000000000000008 /* InspectorFocusButton.swift */; };
		110000000000000000000009 /* InspectorToolbarToggle.swift in Sources */ = {isa = PBXBuildFile; fileRef = 120000000000000000000009 /* InspectorToolbarToggle.swift */; };
		11000000000000000000000A /* RangeInspectorView.swift in Sources */ = {isa = PBXBuildFile; fileRef = 12000000000000000000000A /* RangeInspectorView.swift */; };
		11000000000000000000000B /* SliceAggregateSort.swift in Sources */ = {isa = PBXBuildFile; fileRef = 12000000000000000000000B /* SliceAggregateSort.swift */; };
		11000000000000000000000C /* TraceInspectorDock+Symbol.swift in Sources */ = {isa = PBXBuildFile; fileRef = 12000000000000000000000C /* TraceInspectorDock+Symbol.swift */; };
		11000000000000000000000D /* TraceInspectorPane.swift in Sources */ = {isa = PBXBuildFile; fileRef = 12000000000000000000000D /* TraceInspectorPane.swift */; };
		11000000000000000000000E /* SettingsRootView.swift in Sources */ = {isa = PBXBuildFile; fileRef = 12000000000000000000000E /* SettingsRootView.swift */; };
		11000000000000000000000F /* TraceCacheSettingsView.swift in Sources */ = {isa = PBXBuildFile; fileRef = 12000000000000000000000F /* TraceCacheSettingsView.swift */; };
		110000000000000000000010 /* TraceLicensesView.swift in Sources */ = {isa = PBXBuildFile; fileRef = 120000000000000000000010 /* TraceLicensesView.swift */; };
		110000000000000000000011 /* ArkTraceWindow.swift in Sources */ = {isa = PBXBuildFile; fileRef = 120000000000000000000011 /* ArkTraceWindow.swift */; };
		110000000000000000000012 /* FocusableTextField.swift in Sources */ = {isa = PBXBuildFile; fileRef = 120000000000000000000012 /* FocusableTextField.swift */; };
		110000000000000000000013 /* TraceAccessibilityMessage+Localization.swift in Sources */ = {isa = PBXBuildFile; fileRef = 120000000000000000000013 /* TraceAccessibilityMessage+Localization.swift */; };
		110000000000000000000014 /* TraceAppErrorTitle+Localization.swift in Sources */ = {isa = PBXBuildFile; fileRef = 120000000000000000000014 /* TraceAppErrorTitle+Localization.swift */; };
		110000000000000000000015 /* TraceFormatting.swift in Sources */ = {isa = PBXBuildFile; fileRef = 120000000000000000000015 /* TraceFormatting.swift */; };
		110000000000000000000016 /* TraceLoadingStageLabel.swift in Sources */ = {isa = PBXBuildFile; fileRef = 120000000000000000000016 /* TraceLoadingStageLabel.swift */; };
		110000000000000000000017 /* View+PrimaryToolbarTarget.swift in Sources */ = {isa = PBXBuildFile; fileRef = 120000000000000000000017 /* View+PrimaryToolbarTarget.swift */; };
		110000000000000000000018 /* DepthDisclosureButton.swift in Sources */ = {isa = PBXBuildFile; fileRef = 120000000000000000000018 /* DepthDisclosureButton.swift */; };
		110000000000000000000019 /* ProcessFilterBar.swift in Sources */ = {isa = PBXBuildFile; fileRef = 120000000000000000000019 /* ProcessFilterBar.swift */; };
		11000000000000000000001A /* RecentDocumentRow.swift in Sources */ = {isa = PBXBuildFile; fileRef = 12000000000000000000001A /* RecentDocumentRow.swift */; };
		11000000000000000000001B /* RecentDocumentsSection.swift in Sources */ = {isa = PBXBuildFile; fileRef = 12000000000000000000001B /* RecentDocumentsSection.swift */; };
		11000000000000000000001C /* SearchResultsSection.swift in Sources */ = {isa = PBXBuildFile; fileRef = 12000000000000000000001C /* SearchResultsSection.swift */; };
		11000000000000000000001D /* TraceViewerSidebar.swift in Sources */ = {isa = PBXBuildFile; fileRef = 12000000000000000000001D /* TraceViewerSidebar.swift */; };
		11000000000000000000001E /* TrackRow.swift in Sources */ = {isa = PBXBuildFile; fileRef = 12000000000000000000001E /* TrackRow.swift */; };
		11000000000000000000001F /* TraceAnnouncementBridge.swift in Sources */ = {isa = PBXBuildFile; fileRef = 12000000000000000000001F /* TraceAnnouncementBridge.swift */; };
		110000000000000000000020 /* TraceErrorBannerOverlay.swift in Sources */ = {isa = PBXBuildFile; fileRef = 120000000000000000000020 /* TraceErrorBannerOverlay.swift */; };
		110000000000000000000021 /* TraceLoadingPane.swift in Sources */ = {isa = PBXBuildFile; fileRef = 120000000000000000000021 /* TraceLoadingPane.swift */; };
		110000000000000000000022 /* TraceReloadButton.swift in Sources */ = {isa = PBXBuildFile; fileRef = 120000000000000000000022 /* TraceReloadButton.swift */; };
		110000000000000000000023 /* TraceResetZoomButton.swift in Sources */ = {isa = PBXBuildFile; fileRef = 120000000000000000000023 /* TraceResetZoomButton.swift */; };
		110000000000000000000024 /* TraceSearchField.swift in Sources */ = {isa = PBXBuildFile; fileRef = 120000000000000000000024 /* TraceSearchField.swift */; };
		110000000000000000000025 /* TraceTimelinePane.swift in Sources */ = {isa = PBXBuildFile; fileRef = 120000000000000000000025 /* TraceTimelinePane.swift */; };
		110000000000000000000026 /* TraceViewerRootView.swift in Sources */ = {isa = PBXBuildFile; fileRef = 120000000000000000000026 /* TraceViewerRootView.swift */; };
		110000000000000000000027 /* TraceZoomInButton.swift in Sources */ = {isa = PBXBuildFile; fileRef = 120000000000000000000027 /* TraceZoomInButton.swift */; };
		110000000000000000000028 /* TraceZoomOutButton.swift in Sources */ = {isa = PBXBuildFile; fileRef = 120000000000000000000028 /* TraceZoomOutButton.swift */; };
		110000000000000000000029 /* TraceZoomSelectionButton.swift in Sources */ = {isa = PBXBuildFile; fileRef = 120000000000000000000029 /* TraceZoomSelectionButton.swift */; };
/* End PBXBuildFile section */

/* Begin PBXFileReference section */
		12000000000000000000002A /* TraceCaptureStatusView.swift */ = {isa = PBXFileReference; lastKnownFileType = sourcecode.swift; path = TraceCaptureStatusView.swift; sourceTree = "<group>"; };
		020000000000000000000001 /* ArkTraceApp.swift */ = {isa = PBXFileReference; lastKnownFileType = sourcecode.swift; path = ArkTraceApp.swift; sourceTree = "<group>"; };
		020000000000000000000002 /* Info.plist */ = {isa = PBXFileReference; lastKnownFileType = text.plist.xml; path = Info.plist; sourceTree = "<group>"; };
		020000000000000000000003 /* ArkTraceApp.entitlements */ = {isa = PBXFileReference; lastKnownFileType = text.plist.entitlements; path = ArkTraceApp.entitlements; sourceTree = "<group>"; };
		020000000000000000000004 /* trace_streamer */ = {isa = PBXFileReference; lastKnownFileType = compiled.mach-o.executable; name = trace_streamer; path = ThirdParty/TraceStreamer/macx/trace_streamer; sourceTree = SOURCE_ROOT; };
		020000000000000000000005 /* manifest.json */ = {isa = PBXFileReference; lastKnownFileType = text.json; name = manifest.json; path = ThirdParty/TraceStreamer/macx/manifest.json; sourceTree = SOURCE_ROOT; };
		020000000000000000000006 /* ArkTrace.app */ = {isa = PBXFileReference; explicitFileType = wrapper.application; includeInIndex = 0; path = ArkTrace.app; sourceTree = BUILT_PRODUCTS_DIR; };
		020000000000000000000007 /* ArkTraceProduct.xcconfig */ = {isa = PBXFileReference; lastKnownFileType = text.xcconfig; path = ArkTraceProduct.xcconfig; sourceTree = "<group>"; };
		020000000000000000000008 /* Assets.xcassets */ = {isa = PBXFileReference; lastKnownFileType = folder.assetcatalog; path = Assets.xcassets; sourceTree = "<group>"; };
		020000000000000000000009 /* Localizable.xcstrings */ = {isa = PBXFileReference; lastKnownFileType = text.json.xcstrings; path = Localizable.xcstrings; sourceTree = "<group>"; };
		120000000000000000000001 /* TraceCaptureWindow.swift */ = {isa = PBXFileReference; lastKnownFileType = sourcecode.swift; path = "TraceCaptureWindow.swift"; sourceTree = "<group>"; };
		120000000000000000000002 /* ShortcutHelpView.swift */ = {isa = PBXFileReference; lastKnownFileType = sourcecode.swift; path = "ShortcutHelpView.swift"; sourceTree = "<group>"; };
		120000000000000000000003 /* AnnotationInspectorView.swift */ = {isa = PBXFileReference; lastKnownFileType = sourcecode.swift; path = "AnnotationInspectorView.swift"; sourceTree = "<group>"; };
		120000000000000000000004 /* AnnotationRow.swift */ = {isa = PBXFileReference; lastKnownFileType = sourcecode.swift; path = "AnnotationRow.swift"; sourceTree = "<group>"; };
		120000000000000000000005 /* EventInspectorView.swift */ = {isa = PBXFileReference; lastKnownFileType = sourcecode.swift; path = "EventInspectorView.swift"; sourceTree = "<group>"; };
		120000000000000000000006 /* FlagTagEditor.swift */ = {isa = PBXFileReference; lastKnownFileType = sourcecode.swift; path = "FlagTagEditor.swift"; sourceTree = "<group>"; };
		120000000000000000000007 /* InspectorDockMenu.swift */ = {isa = PBXFileReference; lastKnownFileType = sourcecode.swift; path = "InspectorDockMenu.swift"; sourceTree = "<group>"; };
		120000000000000000000008 /* InspectorFocusButton.swift */ = {isa = PBXFileReference; lastKnownFileType = sourcecode.swift; path = "InspectorFocusButton.swift"; sourceTree = "<group>"; };
		120000000000000000000009 /* InspectorToolbarToggle.swift */ = {isa = PBXFileReference; lastKnownFileType = sourcecode.swift; path = "InspectorToolbarToggle.swift"; sourceTree = "<group>"; };
		12000000000000000000000A /* RangeInspectorView.swift */ = {isa = PBXFileReference; lastKnownFileType = sourcecode.swift; path = "RangeInspectorView.swift"; sourceTree = "<group>"; };
		12000000000000000000000B /* SliceAggregateSort.swift */ = {isa = PBXFileReference; lastKnownFileType = sourcecode.swift; path = "SliceAggregateSort.swift"; sourceTree = "<group>"; };
		12000000000000000000000C /* TraceInspectorDock+Symbol.swift */ = {isa = PBXFileReference; lastKnownFileType = sourcecode.swift; path = "TraceInspectorDock+Symbol.swift"; sourceTree = "<group>"; };
		12000000000000000000000D /* TraceInspectorPane.swift */ = {isa = PBXFileReference; lastKnownFileType = sourcecode.swift; path = "TraceInspectorPane.swift"; sourceTree = "<group>"; };
		12000000000000000000000E /* SettingsRootView.swift */ = {isa = PBXFileReference; lastKnownFileType = sourcecode.swift; path = "SettingsRootView.swift"; sourceTree = "<group>"; };
		12000000000000000000000F /* TraceCacheSettingsView.swift */ = {isa = PBXFileReference; lastKnownFileType = sourcecode.swift; path = "TraceCacheSettingsView.swift"; sourceTree = "<group>"; };
		120000000000000000000010 /* TraceLicensesView.swift */ = {isa = PBXFileReference; lastKnownFileType = sourcecode.swift; path = "TraceLicensesView.swift"; sourceTree = "<group>"; };
		120000000000000000000011 /* ArkTraceWindow.swift */ = {isa = PBXFileReference; lastKnownFileType = sourcecode.swift; path = "ArkTraceWindow.swift"; sourceTree = "<group>"; };
		120000000000000000000012 /* FocusableTextField.swift */ = {isa = PBXFileReference; lastKnownFileType = sourcecode.swift; path = "FocusableTextField.swift"; sourceTree = "<group>"; };
		120000000000000000000013 /* TraceAccessibilityMessage+Localization.swift */ = {isa = PBXFileReference; lastKnownFileType = sourcecode.swift; path = "TraceAccessibilityMessage+Localization.swift"; sourceTree = "<group>"; };
		120000000000000000000014 /* TraceAppErrorTitle+Localization.swift */ = {isa = PBXFileReference; lastKnownFileType = sourcecode.swift; path = "TraceAppErrorTitle+Localization.swift"; sourceTree = "<group>"; };
		120000000000000000000015 /* TraceFormatting.swift */ = {isa = PBXFileReference; lastKnownFileType = sourcecode.swift; path = "TraceFormatting.swift"; sourceTree = "<group>"; };
		120000000000000000000016 /* TraceLoadingStageLabel.swift */ = {isa = PBXFileReference; lastKnownFileType = sourcecode.swift; path = "TraceLoadingStageLabel.swift"; sourceTree = "<group>"; };
		120000000000000000000017 /* View+PrimaryToolbarTarget.swift */ = {isa = PBXFileReference; lastKnownFileType = sourcecode.swift; path = "View+PrimaryToolbarTarget.swift"; sourceTree = "<group>"; };
		120000000000000000000018 /* DepthDisclosureButton.swift */ = {isa = PBXFileReference; lastKnownFileType = sourcecode.swift; path = "DepthDisclosureButton.swift"; sourceTree = "<group>"; };
		120000000000000000000019 /* ProcessFilterBar.swift */ = {isa = PBXFileReference; lastKnownFileType = sourcecode.swift; path = "ProcessFilterBar.swift"; sourceTree = "<group>"; };
		12000000000000000000001A /* RecentDocumentRow.swift */ = {isa = PBXFileReference; lastKnownFileType = sourcecode.swift; path = "RecentDocumentRow.swift"; sourceTree = "<group>"; };
		12000000000000000000001B /* RecentDocumentsSection.swift */ = {isa = PBXFileReference; lastKnownFileType = sourcecode.swift; path = "RecentDocumentsSection.swift"; sourceTree = "<group>"; };
		12000000000000000000001C /* SearchResultsSection.swift */ = {isa = PBXFileReference; lastKnownFileType = sourcecode.swift; path = "SearchResultsSection.swift"; sourceTree = "<group>"; };
		12000000000000000000001D /* TraceViewerSidebar.swift */ = {isa = PBXFileReference; lastKnownFileType = sourcecode.swift; path = "TraceViewerSidebar.swift"; sourceTree = "<group>"; };
		12000000000000000000001E /* TrackRow.swift */ = {isa = PBXFileReference; lastKnownFileType = sourcecode.swift; path = "TrackRow.swift"; sourceTree = "<group>"; };
		12000000000000000000001F /* TraceAnnouncementBridge.swift */ = {isa = PBXFileReference; lastKnownFileType = sourcecode.swift; path = "TraceAnnouncementBridge.swift"; sourceTree = "<group>"; };
		120000000000000000000020 /* TraceErrorBannerOverlay.swift */ = {isa = PBXFileReference; lastKnownFileType = sourcecode.swift; path = "TraceErrorBannerOverlay.swift"; sourceTree = "<group>"; };
		120000000000000000000021 /* TraceLoadingPane.swift */ = {isa = PBXFileReference; lastKnownFileType = sourcecode.swift; path = "TraceLoadingPane.swift"; sourceTree = "<group>"; };
		120000000000000000000022 /* TraceReloadButton.swift */ = {isa = PBXFileReference; lastKnownFileType = sourcecode.swift; path = "TraceReloadButton.swift"; sourceTree = "<group>"; };
		120000000000000000000023 /* TraceResetZoomButton.swift */ = {isa = PBXFileReference; lastKnownFileType = sourcecode.swift; path = "TraceResetZoomButton.swift"; sourceTree = "<group>"; };
		120000000000000000000024 /* TraceSearchField.swift */ = {isa = PBXFileReference; lastKnownFileType = sourcecode.swift; path = "TraceSearchField.swift"; sourceTree = "<group>"; };
		120000000000000000000025 /* TraceTimelinePane.swift */ = {isa = PBXFileReference; lastKnownFileType = sourcecode.swift; path = "TraceTimelinePane.swift"; sourceTree = "<group>"; };
		120000000000000000000026 /* TraceViewerRootView.swift */ = {isa = PBXFileReference; lastKnownFileType = sourcecode.swift; path = "TraceViewerRootView.swift"; sourceTree = "<group>"; };
		120000000000000000000027 /* TraceZoomInButton.swift */ = {isa = PBXFileReference; lastKnownFileType = sourcecode.swift; path = "TraceZoomInButton.swift"; sourceTree = "<group>"; };
		120000000000000000000028 /* TraceZoomOutButton.swift */ = {isa = PBXFileReference; lastKnownFileType = sourcecode.swift; path = "TraceZoomOutButton.swift"; sourceTree = "<group>"; };
		120000000000000000000029 /* TraceZoomSelectionButton.swift */ = {isa = PBXFileReference; lastKnownFileType = sourcecode.swift; path = "TraceZoomSelectionButton.swift"; sourceTree = "<group>"; };
/* End PBXFileReference section */

/* Begin PBXFrameworksBuildPhase section */
		040000000000000000000001 /* Frameworks */ = {
			isa = PBXFrameworksBuildPhase;
			buildActionMask = 2147483647;
			files = (
				010000000000000000000004 /* ArkTraceCore in Frameworks */,
				010000000000000000000005 /* ArkTraceRendering in Frameworks */,
				010000000000000000000006 /* ArkTraceAppSupport in Frameworks */,
				010000000000000000000007 /* ArkTraceAnalysis in Frameworks */,
				01000000000000000000000A /* ArkTraceCapture in Frameworks */,
			);
			runOnlyForDeploymentPostprocessing = 0;
		};
/* End PBXFrameworksBuildPhase section */

/* Begin PBXGroup section */
		050000000000000000000001 = {
			isa = PBXGroup;
			children = (
				050000000000000000000002 /* ArkTraceApp */,
				050000000000000000000005 /* Config */,
				050000000000000000000003 /* TraceStreamer */,
				050000000000000000000004 /* Products */,
			);
			sourceTree = "<group>";
		};
		050000000000000000000002 /* ArkTraceApp */ = {
			isa = PBXGroup;
			children = (
				020000000000000000000001 /* ArkTraceApp.swift */,
				150000000000000000000001 /* Capture */,
				150000000000000000000002 /* Help */,
				150000000000000000000003 /* Inspector */,
				150000000000000000000004 /* Settings */,
				150000000000000000000005 /* Shared */,
				150000000000000000000006 /* Sidebar */,
				150000000000000000000007 /* Viewer */,
				020000000000000000000008 /* Assets.xcassets */,
				020000000000000000000009 /* Localizable.xcstrings */,
				020000000000000000000002 /* Info.plist */,
				020000000000000000000003 /* ArkTraceApp.entitlements */,
			);
			path = Apps/ArkTraceApp;
			sourceTree = SOURCE_ROOT;
		};
		050000000000000000000003 /* TraceStreamer */ = {
			isa = PBXGroup;
			children = (
				020000000000000000000004 /* trace_streamer */,
				020000000000000000000005 /* manifest.json */,
			);
			name = TraceStreamer;
			sourceTree = "<group>";
		};
		050000000000000000000004 /* Products */ = {
			isa = PBXGroup;
			children = (020000000000000000000006 /* ArkTrace.app */);
			name = Products;
			sourceTree = "<group>";
		};
		050000000000000000000005 /* Config */ = {
			isa = PBXGroup;
			children = (020000000000000000000007 /* ArkTraceProduct.xcconfig */);
			path = Config;
			sourceTree = SOURCE_ROOT;
		};
		150000000000000000000001 /* Capture */ = {
			isa = PBXGroup;
			children = (
				120000000000000000000001 /* TraceCaptureWindow.swift */,
				12000000000000000000002A /* TraceCaptureStatusView.swift */,
			);
			path = Capture;
			sourceTree = "<group>";
		};
		150000000000000000000002 /* Help */ = {
			isa = PBXGroup;
			children = (
				120000000000000000000002 /* ShortcutHelpView.swift */,
			);
			path = Help;
			sourceTree = "<group>";
		};
		150000000000000000000003 /* Inspector */ = {
			isa = PBXGroup;
			children = (
				120000000000000000000003 /* AnnotationInspectorView.swift */,
				120000000000000000000004 /* AnnotationRow.swift */,
				120000000000000000000005 /* EventInspectorView.swift */,
				120000000000000000000006 /* FlagTagEditor.swift */,
				120000000000000000000007 /* InspectorDockMenu.swift */,
				120000000000000000000008 /* InspectorFocusButton.swift */,
				120000000000000000000009 /* InspectorToolbarToggle.swift */,
				12000000000000000000000A /* RangeInspectorView.swift */,
				12000000000000000000000B /* SliceAggregateSort.swift */,
				12000000000000000000000C /* TraceInspectorDock+Symbol.swift */,
				12000000000000000000000D /* TraceInspectorPane.swift */,
			);
			path = Inspector;
			sourceTree = "<group>";
		};
		150000000000000000000004 /* Settings */ = {
			isa = PBXGroup;
			children = (
				12000000000000000000000E /* SettingsRootView.swift */,
				12000000000000000000000F /* TraceCacheSettingsView.swift */,
				120000000000000000000010 /* TraceLicensesView.swift */,
			);
			path = Settings;
			sourceTree = "<group>";
		};
		150000000000000000000005 /* Shared */ = {
			isa = PBXGroup;
			children = (
				120000000000000000000011 /* ArkTraceWindow.swift */,
				120000000000000000000012 /* FocusableTextField.swift */,
				120000000000000000000013 /* TraceAccessibilityMessage+Localization.swift */,
				120000000000000000000014 /* TraceAppErrorTitle+Localization.swift */,
				120000000000000000000015 /* TraceFormatting.swift */,
				120000000000000000000016 /* TraceLoadingStageLabel.swift */,
				120000000000000000000017 /* View+PrimaryToolbarTarget.swift */,
			);
			path = Shared;
			sourceTree = "<group>";
		};
		150000000000000000000006 /* Sidebar */ = {
			isa = PBXGroup;
			children = (
				120000000000000000000018 /* DepthDisclosureButton.swift */,
				120000000000000000000019 /* ProcessFilterBar.swift */,
				12000000000000000000001A /* RecentDocumentRow.swift */,
				12000000000000000000001B /* RecentDocumentsSection.swift */,
				12000000000000000000001C /* SearchResultsSection.swift */,
				12000000000000000000001D /* TraceViewerSidebar.swift */,
				12000000000000000000001E /* TrackRow.swift */,
			);
			path = Sidebar;
			sourceTree = "<group>";
		};
		150000000000000000000007 /* Viewer */ = {
			isa = PBXGroup;
			children = (
				12000000000000000000001F /* TraceAnnouncementBridge.swift */,
				120000000000000000000020 /* TraceErrorBannerOverlay.swift */,
				120000000000000000000021 /* TraceLoadingPane.swift */,
				120000000000000000000022 /* TraceReloadButton.swift */,
				120000000000000000000023 /* TraceResetZoomButton.swift */,
				120000000000000000000024 /* TraceSearchField.swift */,
				120000000000000000000025 /* TraceTimelinePane.swift */,
				120000000000000000000026 /* TraceViewerRootView.swift */,
				120000000000000000000027 /* TraceZoomInButton.swift */,
				120000000000000000000028 /* TraceZoomOutButton.swift */,
				120000000000000000000029 /* TraceZoomSelectionButton.swift */,
			);
			path = Viewer;
			sourceTree = "<group>";
		};
/* End PBXGroup section */

/* Begin PBXNativeTarget section */
		060000000000000000000001 /* ArkTraceApp */ = {
			isa = PBXNativeTarget;
			buildConfigurationList = 0A0000000000000000000002 /* Build configuration list for PBXNativeTarget "ArkTraceApp" */;
			buildPhases = (
				0B0000000000000000000001 /* Sources */,
				040000000000000000000001 /* Frameworks */,
				0D0000000000000000000001 /* Resources */,
				030000000000000000000001 /* Copy Pinned TraceStreamer Bytes */,
			);
			buildRules = ();
			dependencies = ();
			name = ArkTraceApp;
			packageProductDependencies = (
				090000000000000000000001 /* ArkTraceCore */,
				090000000000000000000002 /* ArkTraceRendering */,
				090000000000000000000003 /* ArkTraceAppSupport */,
				090000000000000000000004 /* ArkTraceAnalysis */,
				090000000000000000000005 /* ArkTraceCapture */,
			);
			productName = ArkTrace;
			productReference = 020000000000000000000006 /* ArkTrace.app */;
			productType = "com.apple.product-type.application";
		};
/* End PBXNativeTarget section */

/* Begin PBXProject section */
		070000000000000000000001 /* Project object */ = {
			isa = PBXProject;
			attributes = {
				BuildIndependentTargetsInParallel = 1;
				LastSwiftUpdateCheck = 2660;
				LastUpgradeCheck = 2660;
				TargetAttributes = {060000000000000000000001 = {CreatedOnToolsVersion = 26.6;};};
			};
			buildConfigurationList = 0A0000000000000000000001 /* Build configuration list for PBXProject "ArkTrace" */;
			compatibilityVersion = "Xcode 16.0";
			developmentRegion = en;
			hasScannedForEncodings = 0;
			knownRegions = (en, de, Base);
			mainGroup = 050000000000000000000001;
			minimizedProjectReferenceProxies = 1;
			packageReferences = (080000000000000000000001 /* XCLocalSwiftPackageReference "." */);
			preferredProjectObjectVersion = 77;
			productRefGroup = 050000000000000000000004 /* Products */;
			projectDirPath = "";
			projectRoot = "";
			targets = (060000000000000000000001 /* ArkTraceApp */);
		};
/* End PBXProject section */

/* Begin PBXShellScriptBuildPhase section */
		030000000000000000000001 /* Copy Pinned TraceStreamer Bytes */ = {
			isa = PBXShellScriptBuildPhase;
			buildActionMask = 2147483647;
			files = ();
			inputPaths = (
				"$(SRCROOT)/ThirdParty/TraceStreamer/macx/trace_streamer",
				"$(SRCROOT)/ThirdParty/TraceStreamer/macx/manifest.json",
				"$(SRCROOT)/LICENSE",
				"$(SRCROOT)/THIRD_PARTY_NOTICES.md",
				"$(SRCROOT)/ThirdParty/TraceStreamer/license-inventory.json",
				"$(SRCROOT)/ThirdParty/TraceStreamer/LICENSES",
			);
			name = "Copy Pinned TraceStreamer Bytes";
			outputPaths = (
				"$(TARGET_BUILD_DIR)/$(CONTENTS_FOLDER_PATH)/Helpers/trace_streamer",
				"$(TARGET_BUILD_DIR)/$(UNLOCALIZED_RESOURCES_FOLDER_PATH)/TraceStreamer/manifest.json",
				"$(TARGET_BUILD_DIR)/$(UNLOCALIZED_RESOURCES_FOLDER_PATH)/LICENSE",
				"$(TARGET_BUILD_DIR)/$(UNLOCALIZED_RESOURCES_FOLDER_PATH)/THIRD_PARTY_NOTICES.md",
				"$(TARGET_BUILD_DIR)/$(UNLOCALIZED_RESOURCES_FOLDER_PATH)/license-inventory.json",
				"$(TARGET_BUILD_DIR)/$(UNLOCALIZED_RESOURCES_FOLDER_PATH)/Licenses",
			);
			runOnlyForDeploymentPostprocessing = 0;
			shellPath = /bin/sh;
			shellScript = "set -eu\nresources=\"${TARGET_BUILD_DIR}/${UNLOCALIZED_RESOURCES_FOLDER_PATH}\"\nhelpers=\"${TARGET_BUILD_DIR}/${CONTENTS_FOLDER_PATH}/Helpers\"\nmanifest_dir=\"${resources}/TraceStreamer\"\n/bin/mkdir -p \"${helpers}\" \"${manifest_dir}\"\n/usr/bin/ditto --noqtn \"${SRCROOT}/ThirdParty/TraceStreamer/macx/trace_streamer\" \"${helpers}/trace_streamer\"\n/usr/bin/ditto --noqtn \"${SRCROOT}/ThirdParty/TraceStreamer/macx/manifest.json\" \"${manifest_dir}/manifest.json\"\n/usr/bin/ditto --noqtn \"${SRCROOT}/LICENSE\" \"${resources}/LICENSE\"\n/usr/bin/ditto --noqtn \"${SRCROOT}/THIRD_PARTY_NOTICES.md\" \"${resources}/THIRD_PARTY_NOTICES.md\"\n/usr/bin/ditto --noqtn \"${SRCROOT}/ThirdParty/TraceStreamer/license-inventory.json\" \"${resources}/license-inventory.json\"\n/bin/rm -rf \"${resources}/Licenses\"\n/usr/bin/ditto --noqtn \"${SRCROOT}/ThirdParty/TraceStreamer/LICENSES\" \"${resources}/Licenses\"\n/bin/chmod 755 \"${helpers}/trace_streamer\"\n/bin/chmod 644 \"${manifest_dir}/manifest.json\" \"${resources}/LICENSE\" \"${resources}/THIRD_PARTY_NOTICES.md\" \"${resources}/license-inventory.json\"\n";
		};
/* End PBXShellScriptBuildPhase section */

/* Begin PBXResourcesBuildPhase section */
		0D0000000000000000000001 /* Resources */ = {
			isa = PBXResourcesBuildPhase;
			buildActionMask = 2147483647;
			files = (
				010000000000000000000008 /* Assets.xcassets in Resources */,
				010000000000000000000009 /* Localizable.xcstrings in Resources */,
			);
			runOnlyForDeploymentPostprocessing = 0;
		};
/* End PBXResourcesBuildPhase section */

/* Begin PBXSourcesBuildPhase section */
		0B0000000000000000000001 /* Sources */ = {
			isa = PBXSourcesBuildPhase;
			buildActionMask = 2147483647;
			files = (
				010000000000000000000001 /* ArkTraceApp.swift in Sources */,
				110000000000000000000001 /* TraceCaptureWindow.swift in Sources */,
				11000000000000000000002A /* TraceCaptureStatusView.swift in Sources */,
				110000000000000000000002 /* ShortcutHelpView.swift in Sources */,
				110000000000000000000003 /* AnnotationInspectorView.swift in Sources */,
				110000000000000000000004 /* AnnotationRow.swift in Sources */,
				110000000000000000000005 /* EventInspectorView.swift in Sources */,
				110000000000000000000006 /* FlagTagEditor.swift in Sources */,
				110000000000000000000007 /* InspectorDockMenu.swift in Sources */,
				110000000000000000000008 /* InspectorFocusButton.swift in Sources */,
				110000000000000000000009 /* InspectorToolbarToggle.swift in Sources */,
				11000000000000000000000A /* RangeInspectorView.swift in Sources */,
				11000000000000000000000B /* SliceAggregateSort.swift in Sources */,
				11000000000000000000000C /* TraceInspectorDock+Symbol.swift in Sources */,
				11000000000000000000000D /* TraceInspectorPane.swift in Sources */,
				11000000000000000000000E /* SettingsRootView.swift in Sources */,
				11000000000000000000000F /* TraceCacheSettingsView.swift in Sources */,
				110000000000000000000010 /* TraceLicensesView.swift in Sources */,
				110000000000000000000011 /* ArkTraceWindow.swift in Sources */,
				110000000000000000000012 /* FocusableTextField.swift in Sources */,
				110000000000000000000013 /* TraceAccessibilityMessage+Localization.swift in Sources */,
				110000000000000000000014 /* TraceAppErrorTitle+Localization.swift in Sources */,
				110000000000000000000015 /* TraceFormatting.swift in Sources */,
				110000000000000000000016 /* TraceLoadingStageLabel.swift in Sources */,
				110000000000000000000017 /* View+PrimaryToolbarTarget.swift in Sources */,
				110000000000000000000018 /* DepthDisclosureButton.swift in Sources */,
				110000000000000000000019 /* ProcessFilterBar.swift in Sources */,
				11000000000000000000001A /* RecentDocumentRow.swift in Sources */,
				11000000000000000000001B /* RecentDocumentsSection.swift in Sources */,
				11000000000000000000001C /* SearchResultsSection.swift in Sources */,
				11000000000000000000001D /* TraceViewerSidebar.swift in Sources */,
				11000000000000000000001E /* TrackRow.swift in Sources */,
				11000000000000000000001F /* TraceAnnouncementBridge.swift in Sources */,
				110000000000000000000020 /* TraceErrorBannerOverlay.swift in Sources */,
				110000000000000000000021 /* TraceLoadingPane.swift in Sources */,
				110000000000000000000022 /* TraceReloadButton.swift in Sources */,
				110000000000000000000023 /* TraceResetZoomButton.swift in Sources */,
				110000000000000000000024 /* TraceSearchField.swift in Sources */,
				110000000000000000000025 /* TraceTimelinePane.swift in Sources */,
				110000000000000000000026 /* TraceViewerRootView.swift in Sources */,
				110000000000000000000027 /* TraceZoomInButton.swift in Sources */,
				110000000000000000000028 /* TraceZoomOutButton.swift in Sources */,
				110000000000000000000029 /* TraceZoomSelectionButton.swift in Sources */,
			);
			runOnlyForDeploymentPostprocessing = 0;
		};
/* End PBXSourcesBuildPhase section */

/* Begin XCBuildConfiguration section */
		0C0000000000000000000001 /* Debug */ = {isa = XCBuildConfiguration; buildSettings = {CLANG_ENABLE_MODULES = YES; CLANG_WARN_DEPRECATED_OBJC_IMPLEMENTATIONS = YES; GCC_WARN_ABOUT_DEPRECATED_FUNCTIONS = YES; MACOSX_DEPLOYMENT_TARGET = 26.0; SDKROOT = macosx; SWIFT_SUPPRESS_WARNINGS = NO; SWIFT_VERSION = 6.0; SWIFT_WARNINGS_AS_ERRORS_GROUPS = DeprecatedDeclaration;}; name = Debug;};
		0C0000000000000000000002 /* Release */ = {isa = XCBuildConfiguration; buildSettings = {CLANG_ENABLE_MODULES = YES; CLANG_WARN_DEPRECATED_OBJC_IMPLEMENTATIONS = YES; GCC_WARN_ABOUT_DEPRECATED_FUNCTIONS = YES; MACOSX_DEPLOYMENT_TARGET = 26.0; SDKROOT = macosx; SWIFT_SUPPRESS_WARNINGS = NO; SWIFT_VERSION = 6.0; SWIFT_WARNINGS_AS_ERRORS_GROUPS = DeprecatedDeclaration;}; name = Release;};
		0C0000000000000000000003 /* Debug */ = {
			isa = XCBuildConfiguration;
			baseConfigurationReference = 020000000000000000000007 /* ArkTraceProduct.xcconfig */;
			buildSettings = {
				ARCHS = arm64;
				ASSETCATALOG_COMPILER_APPICON_NAME = AppIcon;
				CLANG_WARN_DEPRECATED_OBJC_IMPLEMENTATIONS = YES;
				CODE_SIGN_ENTITLEMENTS = Apps/ArkTraceApp/ArkTraceApp.entitlements;
				CODE_SIGN_INJECT_BASE_ENTITLEMENTS = NO;
				CODE_SIGN_STYLE = Automatic;
				DEAD_CODE_STRIPPING = YES;
				ENABLE_HARDENED_RUNTIME = YES;
				GCC_WARN_ABOUT_DEPRECATED_FUNCTIONS = YES;
				GENERATE_INFOPLIST_FILE = NO;
				INFOPLIST_FILE = Apps/ArkTraceApp/Info.plist;
				LD_RUNPATH_SEARCH_PATHS = "$(inherited) @executable_path/../Frameworks";
				MACOSX_DEPLOYMENT_TARGET = 26.0;
				PRODUCT_NAME = ArkTrace;
				SDKROOT = macosx;
				STRING_CATALOG_GENERATE_SYMBOLS = YES;
				SUPPORTED_PLATFORMS = macosx;
				SWIFT_APPROACHABLE_CONCURRENCY = YES;
				SWIFT_DEFAULT_ACTOR_ISOLATION = MainActor;
				SWIFT_EMIT_LOC_STRINGS = YES;
				SWIFT_OPTIMIZATION_LEVEL = "-Onone";
				SWIFT_STRICT_CONCURRENCY = complete;
				SWIFT_STRICT_MEMORY_SAFETY = YES;
				SWIFT_SUPPRESS_WARNINGS = NO;
				SWIFT_VERSION = 6.0;
				SWIFT_WARNINGS_AS_ERRORS_GROUPS = DeprecatedDeclaration;
			};
			name = Debug;
		};
		0C0000000000000000000004 /* Release */ = {
			isa = XCBuildConfiguration;
			baseConfigurationReference = 020000000000000000000007 /* ArkTraceProduct.xcconfig */;
			buildSettings = {
				ARCHS = arm64;
				ASSETCATALOG_COMPILER_APPICON_NAME = AppIcon;
				CLANG_WARN_DEPRECATED_OBJC_IMPLEMENTATIONS = YES;
				CODE_SIGN_ENTITLEMENTS = Apps/ArkTraceApp/ArkTraceApp.entitlements;
				CODE_SIGN_INJECT_BASE_ENTITLEMENTS = NO;
				CODE_SIGN_STYLE = Automatic;
				DEAD_CODE_STRIPPING = YES;
				ENABLE_HARDENED_RUNTIME = YES;
				GCC_WARN_ABOUT_DEPRECATED_FUNCTIONS = YES;
				GENERATE_INFOPLIST_FILE = NO;
				INFOPLIST_FILE = Apps/ArkTraceApp/Info.plist;
				LD_RUNPATH_SEARCH_PATHS = "$(inherited) @executable_path/../Frameworks";
				MACOSX_DEPLOYMENT_TARGET = 26.0;
				PRODUCT_NAME = ArkTrace;
				SDKROOT = macosx;
				STRING_CATALOG_GENERATE_SYMBOLS = YES;
				SUPPORTED_PLATFORMS = macosx;
				SWIFT_APPROACHABLE_CONCURRENCY = YES;
				SWIFT_COMPILATION_MODE = wholemodule;
				SWIFT_DEFAULT_ACTOR_ISOLATION = MainActor;
				SWIFT_EMIT_LOC_STRINGS = YES;
				SWIFT_STRICT_CONCURRENCY = complete;
				SWIFT_STRICT_MEMORY_SAFETY = YES;
				SWIFT_SUPPRESS_WARNINGS = NO;
				SWIFT_VERSION = 6.0;
				SWIFT_WARNINGS_AS_ERRORS_GROUPS = DeprecatedDeclaration;
			};
			name = Release;
		};
/* End XCBuildConfiguration section */

/* Begin XCConfigurationList section */
		0A0000000000000000000001 /* Build configuration list for PBXProject "ArkTrace" */ = {isa = XCConfigurationList; buildConfigurations = (0C0000000000000000000001, 0C0000000000000000000002); defaultConfigurationIsVisible = 0; defaultConfigurationName = Release;};
		0A0000000000000000000002 /* Build configuration list for PBXNativeTarget "ArkTraceApp" */ = {isa = XCConfigurationList; buildConfigurations = (0C0000000000000000000003, 0C0000000000000000000004); defaultConfigurationIsVisible = 0; defaultConfigurationName = Release;};
/* End XCConfigurationList section */

/* Begin XCLocalSwiftPackageReference section */
		080000000000000000000001 /* XCLocalSwiftPackageReference "." */ = {isa = XCLocalSwiftPackageReference; relativePath = .;};
/* End XCLocalSwiftPackageReference section */

/* Begin XCSwiftPackageProductDependency section */
		090000000000000000000001 /* ArkTraceCore */ = {isa = XCSwiftPackageProductDependency; package = 080000000000000000000001; productName = ArkTraceCore;};
		090000000000000000000002 /* ArkTraceRendering */ = {isa = XCSwiftPackageProductDependency; package = 080000000000000000000001; productName = ArkTraceRendering;};
		090000000000000000000003 /* ArkTraceAppSupport */ = {isa = XCSwiftPackageProductDependency; package = 080000000000000000000001; productName = ArkTraceAppSupport;};
		090000000000000000000004 /* ArkTraceAnalysis */ = {isa = XCSwiftPackageProductDependency; package = 080000000000000000000001; productName = ArkTraceAnalysis;};
		090000000000000000000005 /* ArkTraceCapture */ = {isa = XCSwiftPackageProductDependency; package = 080000000000000000000001; productName = ArkTraceCapture;};
/* End XCSwiftPackageProductDependency section */
	};
	rootObject = 070000000000000000000001 /* Project object */;
}
